
Microsoft Visual Studio Solution File, Format Version 12.00
# Visual Studio Version 17
VisualStudioVersion = 17.12.35514.174 d17.12
MinimumVisualStudioVersion = 10.0.40219.1
Project("{FAE04EC0-301F-11D3-BF4B-00C04F79EFBC}") = "WebSimulator", "WebSimulator\WebSimulator.csproj", "{D7148B47-B24E-44DA-B1DC-8D4B32AE4C85}"
EndProject
Project("{FAE04EC0-301F-11D3-BF4B-00C04F79EFBC}") = "SuperGenerator", "SuperGenerator\SuperGenerator.csproj", "{CE816A56-CDA9-4298-8C5F-FFD05D4969EB}"
EndProject
Global
	GlobalSection(SolutionConfigurationPlatforms) = preSolution
		Debug|Any CPU = Debug|Any CPU
		Release|Any CPU = Release|Any CPU
	EndGlobalSection
	GlobalSection(ProjectConfigurationPlatforms) = postSolution
		{D7148B47-B24E-44DA-B1DC-8D4B32AE4C85}.Debug|Any CPU.ActiveCfg = Debug|Any CPU
		{D7148B47-B24E-44DA-B1DC-8D4B32AE4C85}.Debug|Any CPU.Build.0 = Debug|Any CPU
		{D7148B47-B24E-44DA-B1DC-8D4B32AE4C85}.Release|Any CPU.ActiveCfg = Release|Any CPU
		{D7148B47-B24E-44DA-B1DC-8D4B32AE4C85}.Release|Any CPU.Build.0 = Release|Any CPU
		{CE816A56-CDA9-4298-8C5F-FFD05D4969EB}.Debug|Any CPU.ActiveCfg = Debug|Any CPU
		{CE816A56-CDA9-4298-8C5F-FFD05D4969EB}.Debug|Any CPU.Build.0 = Debug|Any CPU
		{CE816A56-CDA9-4298-8C5F-FFD05D4969EB}.Release|Any CPU.ActiveCfg = Release|Any CPU
		{CE816A56-CDA9-4298-8C5F-FFD05D4969EB}.Release|Any CPU.Build.0 = Release|Any CPU
	EndGlobalSection
	GlobalSection(SolutionProperties) = preSolution
		HideSolutionNode = FALSE
	EndGlobalSection
EndGlobal
